# generated by rye
# use `rye lock` or `rye sync` to update this lockfile
#
# last locked with the following flags:
#   pre: false
#   features: []
#   all-features: false
#   with-sources: false

-e file:.
attrs==23.2.0
    # via outcome
    # via trio
beautifulsoup4==4.12.3
    # via kaggle-join-bot
bleach==6.1.0
    # via kaggle
cachetools==5.3.3
    # via google-auth
certifi==2024.2.2
    # via kaggle
    # via requests
    # via selenium
charset-normalizer==3.3.2
    # via requests
google-auth==2.29.0
    # via google-auth-oauthlib
    # via gspread
    # via kaggle-join-bot
google-auth-oauthlib==1.2.0
    # via gspread
gspread==6.1.0
    # via kaggle-join-bot
h11==0.14.0
    # via wsproto
idna==3.6
    # via requests
    # via trio
kaggle==1.6.8
    # via kaggle-join-bot
numpy==1.26.4
    # via kaggle-join-bot
oauthlib==3.2.2
    # via requests-oauthlib
outcome==1.3.0.post0
    # via trio
pip==24.0
    # via kaggle-join-bot
polars==0.20.21
    # via kaggle-join-bot
pyasn1==0.6.0
    # via pyasn1-modules
    # via rsa
pyasn1-modules==0.4.0
    # via google-auth
pysocks==1.7.1
    # via urllib3
python-dateutil==2.9.0.post0
    # via kaggle
python-dotenv==1.0.1
    # via kaggle-join-bot
python-slugify==8.0.4
    # via kaggle
requests==2.31.0
    # via kaggle
    # via requests-oauthlib
requests-oauthlib==2.0.0
    # via google-auth-oauthlib
rsa==4.9
    # via google-auth
selenium==4.19.0
    # via kaggle-join-bot
six==1.16.0
    # via bleach
    # via kaggle
    # via python-dateutil
slack-sdk==3.27.1
    # via kaggle-join-bot
sniffio==1.3.1
    # via trio
sortedcontainers==2.4.0
    # via trio
soupsieve==2.5
    # via beautifulsoup4
strenum==0.4.15
    # via gspread
tenacity==8.2.3
    # via kaggle-join-bot
text-unidecode==1.3
    # via python-slugify
tqdm==4.66.2
    # via kaggle
trio==0.25.0
    # via selenium
    # via trio-websocket
trio-websocket==0.11.1
    # via selenium
typing-extensions==4.10.0
    # via selenium
urllib3==2.2.1
    # via kaggle
    # via requests
    # via selenium
webencodings==0.5.1
    # via bleach
wsproto==1.2.0
    # via trio-websocket
